Microsoft Visual Studio Solution File, Format Version 12.00
# Visual Studio Version 17
VisualStudioVersion = 17.10.35122.118
MinimumVisualStudioVersion = 10.0.40219.1
Project("{9A19103F-16F7-4668-BE54-9A1E7A4F7556}") = "AspireApp.AppHost", "AspireApp.AppHost\AspireApp.AppHost.csproj", "{EE6F5907-F189-4DCF-80AC-5CA3DC5A20BC}"
EndProject
Project("{9A19103F-16F7-4668-BE54-9A1E7A4F7556}") = "AspireApp.ServiceDefaults", "AspireApp.ServiceDefaults\AspireApp.ServiceDefaults.csproj", "{08D6A43C-FD19-4D84-B99F-39239E80DFCD}"
EndProject
Project("{9A19103F-16F7-4668-BE54-9A1E7A4F7556}") = "AspireApp.ApiService", "AspireApp.ApiService\AspireApp.ApiService.csproj", "{D3D648F6-442F-4B61-803D-2F0582330177}"
EndProject
Project("{9A19103F-16F7-4668-BE54-9A1E7A4F7556}") = "AspireApp.Web", "AspireApp.Web\AspireApp.Web.csproj", "{F4F4F646-165D-4E92-92EC-05A477CD146E}"
EndProject
Project("{FAE04EC0-301F-11D3-BF4B-00C04F79EFBC}") = "AspireApp.MailDev.Hosting", "AspireApp.MailDev.Hosting\AspireApp.MailDev.Hosting.csproj", "{73170B16-071C-4BE4-AB6C-48C8F8AAC92B}"
EndProject
Global
	GlobalSection(SolutionConfigurationPlatforms) = preSolution
		Debug|Any CPU = Debug|Any CPU
		Release|Any CPU = Release|Any CPU
	EndGlobalSection
	GlobalSection(ProjectConfigurationPlatforms) = postSolution
		{EE6F5907-F189-4DCF-80AC-5CA3DC5A20BC}.Debug|Any CPU.ActiveCfg = Debug|Any CPU
		{EE6F5907-F189-4DCF-80AC-5CA3DC5A20BC}.Debug|Any CPU.Build.0 = Debug|Any CPU
		{EE6F5907-F189-4DCF-80AC-5CA3DC5A20BC}.Release|Any CPU.ActiveCfg = Release|Any CPU
		{EE6F5907-F189-4DCF-80AC-5CA3DC5A20BC}.Release|Any CPU.Build.0 = Release|Any CPU
		{08D6A43C-FD19-4D84-B99F-39239E80DFCD}.Debug|Any CPU.ActiveCfg = Debug|Any CPU
		{08D6A43C-FD19-4D84-B99F-39239E80DFCD}.Debug|Any CPU.Build.0 = Debug|Any CPU
		{08D6A43C-FD19-4D84-B99F-39239E80DFCD}.Release|Any CPU.ActiveCfg = Release|Any CPU
		{08D6A43C-FD19-4D84-B99F-39239E80DFCD}.Release|Any CPU.Build.0 = Release|Any CPU
		{D3D648F6-442F-4B61-803D-2F0582330177}.Debug|Any CPU.ActiveCfg = Debug|Any CPU
		{D3D648F6-442F-4B61-803D-2F0582330177}.Debug|Any CPU.Build.0 = Debug|Any CPU
		{D3D648F6-442F-4B61-803D-2F0582330177}.Release|Any CPU.ActiveCfg = Release|Any CPU
		{D3D648F6-442F-4B61-803D-2F0582330177}.Release|Any CPU.Build.0 = Release|Any CPU
		{F4F4F646-165D-4E92-92EC-05A477CD146E}.Debug|Any CPU.ActiveCfg = Debug|Any CPU
		{F4F4F646-165D-4E92-92EC-05A477CD146E}.Debug|Any CPU.Build.0 = Debug|Any CPU
		{F4F4F646-165D-4E92-92EC-05A477CD146E}.Release|Any CPU.ActiveCfg = Release|Any CPU
		{F4F4F646-165D-4E92-92EC-05A477CD146E}.Release|Any CPU.Build.0 = Release|Any CPU
		{73170B16-071C-4BE4-AB6C-48C8F8AAC92B}.Debug|Any CPU.ActiveCfg = Debug|Any CPU
		{73170B16-071C-4BE4-AB6C-48C8F8AAC92B}.Debug|Any CPU.Build.0 = Debug|Any CPU
		{73170B16-071C-4BE4-AB6C-48C8F8AAC92B}.Release|Any CPU.ActiveCfg = Release|Any CPU
		{73170B16-071C-4BE4-AB6C-48C8F8AAC92B}.Release|Any CPU.Build.0 = Release|Any CPU
	EndGlobalSection
	GlobalSection(SolutionProperties) = preSolution
		HideSolutionNode = FALSE
	EndGlobalSection
	GlobalSection(ExtensibilityGlobals) = postSolution
		SolutionGuid = {DFDABAC6-69C7-46F7-9AC7-E27286E37931}
	EndGlobalSection
EndGlobal
