Microsoft Visual Studio Solution File, Format Version 12.00
# Visual Studio Version 17
VisualStudioVersion = 17.14.36310.24 d17.14
MinimumVisualStudioVersion = 10.0.40219.1
Project("{FAE04EC0-301F-11D3-BF4B-00C04F79EFBC}") = "ChatGptClone.AppHost", "ChatGptClone.AppHost\ChatGptClone.AppHost.csproj", "{17A15D3C-5156-4148-A63F-58748092B726}"
EndProject
Project("{FAE04EC0-301F-11D3-BF4B-00C04F79EFBC}") = "ChatGptClone.ServiceDefaults", "ChatGptClone.ServiceDefaults\ChatGptClone.ServiceDefaults.csproj", "{3B79BD5A-197E-5F29-86C2-DEC300C7DF14}"
EndProject
Project("{FAE04EC0-301F-11D3-BF4B-00C04F79EFBC}") = "ChatGptClone.Web", "ChatGptClone.Web\ChatGptClone.Web.csproj", "{F919236E-0832-C29C-8E05-2D2AB98EDBAE}"
EndProject
Global
	GlobalSection(SolutionConfigurationPlatforms) = preSolution
		Debug|Any CPU = Debug|Any CPU
		Release|Any CPU = Release|Any CPU
	EndGlobalSection
	GlobalSection(ProjectConfigurationPlatforms) = postSolution
		{17A15D3C-5156-4148-A63F-58748092B726}.Debug|Any CPU.ActiveCfg = Debug|Any CPU
		{17A15D3C-5156-4148-A63F-58748092B726}.Debug|Any CPU.Build.0 = Debug|Any CPU
		{17A15D3C-5156-4148-A63F-58748092B726}.Release|Any CPU.ActiveCfg = Release|Any CPU
		{17A15D3C-5156-4148-A63F-58748092B726}.Release|Any CPU.Build.0 = Release|Any CPU
		{3B79BD5A-197E-5F29-86C2-DEC300C7DF14}.Debug|Any CPU.ActiveCfg = Debug|Any CPU
		{3B79BD5A-197E-5F29-86C2-DEC300C7DF14}.Debug|Any CPU.Build.0 = Debug|Any CPU
		{3B79BD5A-197E-5F29-86C2-DEC300C7DF14}.Release|Any CPU.ActiveCfg = Release|Any CPU
		{3B79BD5A-197E-5F29-86C2-DEC300C7DF14}.Release|Any CPU.Build.0 = Release|Any CPU
		{F919236E-0832-C29C-8E05-2D2AB98EDBAE}.Debug|Any CPU.ActiveCfg = Debug|Any CPU
		{F919236E-0832-C29C-8E05-2D2AB98EDBAE}.Debug|Any CPU.Build.0 = Debug|Any CPU
		{F919236E-0832-C29C-8E05-2D2AB98EDBAE}.Release|Any CPU.ActiveCfg = Release|Any CPU
		{F919236E-0832-C29C-8E05-2D2AB98EDBAE}.Release|Any CPU.Build.0 = Release|Any CPU
	EndGlobalSection
	GlobalSection(SolutionProperties) = preSolution
		HideSolutionNode = FALSE
	EndGlobalSection
	GlobalSection(ExtensibilityGlobals) = postSolution
		SolutionGuid = {4630B003-C7A7-491D-8EBA-6AB233B6A75E}
	EndGlobalSection
EndGlobal
